
Microsoft Visual Studio Solution File, Format Version 12.00
# Visual Studio Version 16
VisualStudioVersion = 16.0.31829.152
MinimumVisualStudioVersion = 10.0.40219.1
Project("{FAE04EC0-301F-11D3-BF4B-00C04F79EFBC}") = "SoftlineTest", "SoftlineTest\SoftlineTest.csproj", "{5C6F3603-258E-45F0-B682-AFC8F1251451}"
EndProject
Project("{FAE04EC0-301F-11D3-BF4B-00C04F79EFBC}") = "Domain", "Domain\Domain.csproj", "{BDBC1354-8ED4-4F71-922C-B3B8391271F9}"
EndProject
Project("{FAE04EC0-301F-11D3-BF4B-00C04F79EFBC}") = "DataAccess", "DataAccess\DataAccess.csproj", "{0713B8C4-8751-46B1-A294-8AF989AE9927}"
EndProject
Global
	GlobalSection(SolutionConfigurationPlatforms) = preSolution
		Debug|Any CPU = Debug|Any CPU
		Release|Any CPU = Release|Any CPU
	EndGlobalSection
	GlobalSection(ProjectConfigurationPlatforms) = postSolution
		{5C6F3603-258E-45F0-B682-AFC8F1251451}.Debug|Any CPU.ActiveCfg = Debug|Any CPU
		{5C6F3603-258E-45F0-B682-AFC8F1251451}.Debug|Any CPU.Build.0 = Debug|Any CPU
		{5C6F3603-258E-45F0-B682-AFC8F1251451}.Release|Any CPU.ActiveCfg = Release|Any CPU
		{5C6F3603-258E-45F0-B682-AFC8F1251451}.Release|Any CPU.Build.0 = Release|Any CPU
		{BDBC1354-8ED4-4F71-922C-B3B8391271F9}.Debug|Any CPU.ActiveCfg = Debug|Any CPU
		{BDBC1354-8ED4-4F71-922C-B3B8391271F9}.Debug|Any CPU.Build.0 = Debug|Any CPU
		{BDBC1354-8ED4-4F71-922C-B3B8391271F9}.Release|Any CPU.ActiveCfg = Release|Any CPU
		{BDBC1354-8ED4-4F71-922C-B3B8391271F9}.Release|Any CPU.Build.0 = Release|Any CPU
		{0713B8C4-8751-46B1-A294-8AF989AE9927}.Debug|Any CPU.ActiveCfg = Debug|Any CPU
		{0713B8C4-8751-46B1-A294-8AF989AE9927}.Debug|Any CPU.Build.0 = Debug|Any CPU
		{0713B8C4-8751-46B1-A294-8AF989AE9927}.Release|Any CPU.ActiveCfg = Release|Any CPU
		{0713B8C4-8751-46B1-A294-8AF989AE9927}.Release|Any CPU.Build.0 = Release|Any CPU
	EndGlobalSection
	GlobalSection(SolutionProperties) = preSolution
		HideSolutionNode = FALSE
	EndGlobalSection
	GlobalSection(ExtensibilityGlobals) = postSolution
		SolutionGuid = {D2B1D34C-21DC-4578-A64E-E02A651249C1}
	EndGlobalSection
EndGlobal
